// !$*UTF8*$!
{
	archiveVersion = 1;
	classes = {
	};
	objectVersion = 48;
	objects = {

/* Begin PBXBuildFile section */
		7F15815E21E7DECD006C634E /* AppDelegate.swift in Sources */ = {isa = PBXBuildFile; fileRef = 7F15815D21E7DECD006C634E /* AppDelegate.swift */; };
		7F15816021E7DECD006C634E /* ViewController.swift in Sources */ = {isa = PBXBuildFile; fileRef = 7F15815F21E7DECD006C634E /* ViewController.swift */; };
		7F15816321E7DECD006C634E /* Main.storyboard in Resources */ = {isa = PBXBuildFile; fileRef = 7F15816121E7DECD006C634E /* Main.storyboard */; };
		7F15816521E7DECD006C634E /* Assets.xcassets in Resources */ = {isa = PBXBuildFile; fileRef = 7F15816421E7DECD006C634E /* Assets.xcassets */; };
		7F15816821E7DECD006C634E /* LaunchScreen.storyboard in Resources */ = {isa = PBXBuildFile; fileRef = 7F15816621E7DECD006C634E /* LaunchScreen.storyboard */; };
		7F15817321E7DECD006C634E /* HackWichTests.swift in Sources */ = {isa = PBXBuildFile; fileRef = 7F15817221E7DECD006C634E /* HackWichTests.swift */; };
		7F15817E21E7DECD006C634E /* HackWichUITests.swift in Sources */ = {isa = PBXBuildFile; fileRef = 7F15817D21E7DECD006C634E /* HackWichUITests.swift */; };
/* End PBXBuildFile section */

/* Begin PBXContainerItemProxy section */
		7F15816F21E7DECD006C634E /* PBXContainerItemProxy */ = {
			isa = PBXContainerItemProxy;
			containerPortal = 7F15815221E7DECD006C634E /* Project object */;
			proxyType = 1;
			remoteGlobalIDString = 7F15815921E7DECD006C634E;
			remoteInfo = HackWich;
		};
		7F15817A21E7DECD006C634E /* PBXContainerItemProxy */ = {
			isa = PBXContainerItemProxy;
			containerPortal = 7F15815221E7DECD006C634E /* Project object */;
			proxyType = 1;
			remoteGlobalIDString = 7F15815921E7DECD006C634E;
			remoteInfo = HackWich;
		};
/* End PBXContainerItemProxy section */

/* Begin PBXFileReference section */
		7F15815A21E7DECD006C634E /* HackWich.app */ = {isa = PBXFileReference; explicitFileType = wrapper.application; includeInIndex = 0; path = HackWich.app; sourceTree = BUILT_PRODUCTS_DIR; };
		7F15815D21E7DECD006C634E /* AppDelegate.swift */ = {isa = PBXFileReference; lastKnownFileType = sourcecode.swift; path = AppDelegate.swift; sourceTree = "<group>"; };
		7F15815F21E7DECD006C634E /* ViewController.swift */ = {isa = PBXFileReference; lastKnownFileType = sourcecode.swift; path = ViewController.swift; sourceTree = "<group>"; };
		7F15816221E7DECD006C634E /* Base */ = {isa = PBXFileReference; lastKnownFileType = file.storyboard; name = Base; path = Base.lproj/Main.storyboard; sourceTree = "<group>"; };
		7F15816421E7DECD006C634E /* Assets.xcassets */ = {isa = PBXFileReference; lastKnownFileType = folder.assetcatalog; path = Assets.xcassets; sourceTree = "<group>"; };
		7F15816721E7DECD006C634E /* Base */ = {isa = PBXFileReference; lastKnownFileType = file.storyboard; name = Base; path = Base.lproj/LaunchScreen.storyboard; sourceTree = "<group>"; };
		7F15816921E7DECD006C634E /* Info.plist */ = {isa = PBXFileReference; lastKnownFileType = text.plist.xml; path = Info.plist; sourceTree = "<group>"; };
		7F15816E21E7DECD006C634E /* HackWichTests.xctest */ = {isa = PBXFileReference; explicitFileType = wrapper.cfbundle; includeInIndex = 0; path = HackWichTests.xctest; sourceTree = BUILT_PRODUCTS_DIR; };
		7F15817221E7DECD006C634E /* HackWichTests.swift */ = {isa = PBXFileReference; lastKnownFileType = sourcecode.swift; path = HackWichTests.swift; sourceTree = "<group>"; };
		7F15817421E7DECD006C634E /* Info.plist */ = {isa = PBXFileReference; lastKnownFileType = text.plist.xml; path = Info.plist; sourceTree = "<group>"; };
		7F15817921E7DECD006C634E /* HackWichUITests.xctest */ = {isa = PBXFileReference; explicitFileType = wrapper.cfbundle; includeInIndex = 0; path = HackWichUITests.xctest; sourceTree = BUILT_PRODUCTS_DIR; };
		7F15817D21E7DECD006C634E /* HackWichUITests.swift */ = {isa = PBXFileReference; lastKnownFileType = sourcecode.swift; path = HackWichUITests.swift; sourceTree = "<group>"; };
		7F15817F21E7DECD006C634E /* Info.plist */ = {isa = PBXFileReference; lastKnownFileType = text.plist.xml; path = Info.plist; sourceTree = "<group>"; };
/* End PBXFileReference section */

/* Begin PBXFrameworksBuildPhase section */
		7F15815721E7DECD006C634E /* Frameworks */ = {
			isa = PBXFrameworksBuildPhase;
			buildActionMask = 2147483647;
			files = (
			);
			runOnlyForDeploymentPostprocessing = 0;
		};
		7F15816B21E7DECD006C634E /* Frameworks */ = {
			isa = PBXFrameworksBuildPhase;
			buildActionMask = 2147483647;
			files = (
			);
			runOnlyForDeploymentPostprocessing = 0;
		};
		7F15817621E7DECD006C634E /* Frameworks */ = {
			isa = PBXFrameworksBuildPhase;
			buildActionMask = 2147483647;
			files = (
			);
			runOnlyForDeploymentPostprocessing = 0;
		};
/* End PBXFrameworksBuildPhase section */

/* Begin PBXGroup section */
		7F15815121E7DECD006C634E = {
			isa = PBXGroup;
			children = (
				7F15815C21E7DECD006C634E /* HackWich */,
				7F15817121E7DECD006C634E /* HackWichTests */,
				7F15817C21E7DECD006C634E /* HackWichUITests */,
				7F15815B21E7DECD006C634E /* Products */,
			);
			sourceTree = "<group>";
		};
		7F15815B21E7DECD006C634E /* Products */ = {
			isa = PBXGroup;
			children = (
				7F15815A21E7DECD006C634E /* HackWich.app */,
				7F15816E21E7DECD006C634E /* HackWichTests.xctest */,
				7F15817921E7DECD006C634E /* HackWichUITests.xctest */,
			);
			name = Products;
			sourceTree = "<group>";
		};
		7F15815C21E7DECD006C634E /* HackWich */ = {
			isa = PBXGroup;
			children = (
				7F15815D21E7DECD006C634E /* AppDelegate.swift */,
				7F15815F21E7DECD006C634E /* ViewController.swift */,
				7F15816121E7DECD006C634E /* Main.storyboard */,
				7F15816421E7DECD006C634E /* Assets.xcassets */,
				7F15816621E7DECD006C634E /* LaunchScreen.storyboard */,
				7F15816921E7DECD006C634E /* Info.plist */,
			);
			path = HackWich;
			sourceTree = "<group>";
		};
		7F15817121E7DECD006C634E /* HackWichTests */ = {
			isa = PBXGroup;
			children = (
				7F15817221E7DECD006C634E /* HackWichTests.swift */,
				7F15817421E7DECD006C634E /* Info.plist */,
			);
			path = HackWichTests;
			sourceTree = "<group>";
		};
		7F15817C21E7DECD006C634E /* HackWichUITests */ = {
			isa = PBXGroup;
			children = (
				7F15817D21E7DECD006C634E /* HackWichUITests.swift */,
				7F15817F21E7DECD006C634E /* Info.plist */,
			);
			path = HackWichUITests;
			sourceTree = "<group>";
		};
/* End PBXGroup section */

/* Begin PBXNativeTarget section */
		7F15815921E7DECD006C634E /* HackWich */ = {
			isa = PBXNativeTarget;
			buildConfigurationList = 7F15818221E7DECD006C634E /* Build configuration list for PBXNativeTarget "HackWich" */;
			buildPhases = (
				7F15815621E7DECD006C634E /* Sources */,
				7F15815721E7DECD006C634E /* Frameworks */,
				7F15815821E7DECD006C634E /* Resources */,
			);
			buildRules = (
			);
			dependencies = (
			);
			name = HackWich;
			productName = HackWich;
			productReference = 7F15815A21E7DECD006C634E /* HackWich.app */;
			productType = "com.apple.product-type.application";
		};
		7F15816D21E7DECD006C634E /* HackWichTests */ = {
			isa = PBXNativeTarget;
			buildConfigurationList = 7F15818521E7DECD006C634E /* Build configuration list for PBXNativeTarget "HackWichTests" */;
			buildPhases = (
				7F15816A21E7DECD006C634E /* Sources */,
				7F15816B21E7DECD006C634E /* Frameworks */,
				7F15816C21E7DECD006C634E /* Resources */,
			);
			buildRules = (
			);
			dependencies = (
				7F15817021E7DECD006C634E /* PBXTargetDependency */,
			);
			name = HackWichTests;
			productName = HackWichTests;
			productReference = 7F15816E21E7DECD006C634E /* HackWichTests.xctest */;
			productType = "com.apple.product-type.bundle.unit-test";
		};
		7F15817821E7DECD006C634E /* HackWichUITests */ = {
			isa = PBXNativeTarget;
			buildConfigurationList = 7F15818821E7DECD006C634E /* Build configuration list for PBXNativeTarget "HackWichUITests" */;
			buildPhases = (
				7F15817521E7DECD006C634E /* Sources */,
				7F15817621E7DECD006C634E /* Frameworks */,
				7F15817721E7DECD006C634E /* Resources */,
			);
			buildRules = (
			);
			dependencies = (
				7F15817B21E7DECD006C634E /* PBXTargetDependency */,
			);
			name = HackWichUITests;
			productName = HackWichUITests;
			productReference = 7F15817921E7DECD006C634E /* HackWichUITests.xctest */;
			productType = "com.apple.product-type.bundle.ui-testing";
		};
/* End PBXNativeTarget section */

/* Begin PBXProject section */
		7F15815221E7DECD006C634E /* Project object */ = {
			isa = PBXProject;
			attributes = {
				LastSwiftUpdateCheck = 0920;
				LastUpgradeCheck = 0920;
				ORGANIZATIONNAME = "CM Student";
				TargetAttributes = {
					7F15815921E7DECD006C634E = {
						CreatedOnToolsVersion = 9.2;
						ProvisioningStyle = Automatic;
					};
					7F15816D21E7DECD006C634E = {
						CreatedOnToolsVersion = 9.2;
						ProvisioningStyle = Automatic;
						TestTargetID = 7F15815921E7DECD006C634E;
					};
					7F15817821E7DECD006C634E = {
						CreatedOnToolsVersion = 9.2;
						ProvisioningStyle = Automatic;
						TestTargetID = 7F15815921E7DECD006C634E;
					};
				};
			};
			buildConfigurationList = 7F15815521E7DECD006C634E /* Build configuration list for PBXProject "HackWich" */;
			compatibilityVersion = "Xcode 8.0";
			developmentRegion = en;
			hasScannedForEncodings = 0;
			knownRegions = (
				en,
				Base,
			);
			mainGroup = 7F15815121E7DECD006C634E;
			productRefGroup = 7F15815B21E7DECD006C634E /* Products */;
			projectDirPath = "";
			projectRoot = "";
			targets = (
				7F15815921E7DECD006C634E /* HackWich */,
				7F15816D21E7DECD006C634E /* HackWichTests */,
				7F15817821E7DECD006C634E /* HackWichUITests */,
			);
		};
/* End PBXProject section */

/* Begin PBXResourcesBuildPhase section */
		7F15815821E7DECD006C634E /* Resources */ = {
			isa = PBXResourcesBuildPhase;
			buildActionMask = 2147483647;
			files = (
				7F15816821E7DECD006C634E /* LaunchScreen.storyboard in Resources */,
				7F15816521E7DECD006C634E /* Assets.xcassets in Resources */,
				7F15816321E7DECD006C634E /* Main.storyboard in Resources */,
			);
			runOnlyForDeploymentPostprocessing = 0;
		};
		7F15816C21E7DECD006C634E /* Resources */ = {
			isa = PBXResourcesBuildPhase;
			buildActionMask = 2147483647;
			files = (
			);
			runOnlyForDeploymentPostprocessing = 0;
		};
		7F15817721E7DECD006C634E /* Resources */ = {
			isa = PBXResourcesBuildPhase;
			buildActionMask = 2147483647;
			files = (
			);
			runOnlyForDeploymentPostprocessing = 0;
		};
/* End PBXResourcesBuildPhase section */

/* Begin PBXSourcesBuildPhase section */
		7F15815621E7DECD006C634E /* Sources */ = {
			isa = PBXSourcesBuildPhase;
			buildActionMask = 2147483647;
			files = (
				7F15816021E7DECD006C634E /* ViewController.swift in Sources */,
				7F15815E21E7DECD006C634E /* AppDelegate.swift in Sources */,
			);
			runOnlyForDeploymentPostprocessing = 0;
		};
		7F15816A21E7DECD006C634E /* Sources */ = {
			isa = PBXSourcesBuildPhase;
			buildActionMask = 2147483647;
			files = (
				7F15817321E7DECD006C634E /* HackWichTests.swift in Sources */,
			);
			runOnlyForDeploymentPostprocessing = 0;
		};
		7F15817521E7DECD006C634E /* Sources */ = {
			isa = PBXSourcesBuildPhase;
			buildActionMask = 2147483647;
			files = (
				7F15817E21E7DECD006C634E /* HackWichUITests.swift in Sources */,
			);
			runOnlyForDeploymentPostprocessing = 0;
		};
/* End PBXSourcesBuildPhase section */

/* Begin PBXTargetDependency section */
		7F15817021E7DECD006C634E /* PBXTargetDependency */ = {
			isa = PBXTargetDependency;
			target = 7F15815921E7DECD006C634E /* HackWich */;
			targetProxy = 7F15816F21E7DECD006C634E /* PBXContainerItemProxy */;
		};
		7F15817B21E7DECD006C634E /* PBXTargetDependency */ = {
			isa = PBXTargetDependency;
			target = 7F15815921E7DECD006C634E /* HackWich */;
			targetProxy = 7F15817A21E7DECD006C634E /* PBXContainerItemProxy */;
		};
/* End PBXTargetDependency section */

/* Begin PBXVariantGroup section */
		7F15816121E7DECD006C634E /* Main.storyboard */ = {
			isa = PBXVariantGroup;
			children = (
				7F15816221E7DECD006C634E /* Base */,
			);
			name = Main.storyboard;
			sourceTree = "<group>";
		};
		7F15816621E7DECD006C634E /* LaunchScreen.storyboard */ = {
			isa = PBXVariantGroup;
			children = (
				7F15816721E7DECD006C634E /* Base */,
			);
			name = LaunchScreen.storyboard;
			sourceTree = "<group>";
		};
/* End PBXVariantGroup section */

/* Begin XCBuildConfiguration section */
		7F15818021E7DECD006C634E /* Debug */ = {
			isa = XCBuildConfiguration;
			buildSettings = {
				ALWAYS_SEARCH_USER_PATHS = NO;
				CLANG_ANALYZER_NONNULL = YES;
				CLANG_ANALYZER_NUMBER_OBJECT_CONVERSION = YES_AGGRESSIVE;
				CLANG_CXX_LANGUAGE_STANDARD = "gnu++14";
				CLANG_CXX_LIBRARY = "libc++";
				CLANG_ENABLE_MODULES = YES;
				CLANG_ENABLE_OBJC_ARC = YES;
				CLANG_WARN_BLOCK_CAPTURE_AUTORELEASING = YES;
				CLANG_WARN_BOOL_CONVERSION = YES;
				CLANG_WARN_COMMA = YES;
				CLANG_WARN_CONSTANT_CONVERSION = YES;
				CLANG_WARN_DIRECT_OBJC_ISA_USAGE = YES_ERROR;
				CLANG_WARN_DOCUMENTATION_COMMENTS = YES;
				CLANG_WARN_EMPTY_BODY = YES;
				CLANG_WARN_ENUM_CONVERSION = YES;
				CLANG_WARN_INFINITE_RECURSION = YES;
				CLANG_WARN_INT_CONVERSION = YES;
				CLANG_WARN_NON_LITERAL_NULL_CONVERSION = YES;
				CLANG_WARN_OBJC_LITERAL_CONVERSION = YES;
				CLANG_WARN_OBJC_ROOT_CLASS = YES_ERROR;
				CLANG_WARN_RANGE_LOOP_ANALYSIS = YES;
				CLANG_WARN_STRICT_PROTOTYPES = YES;
				CLANG_WARN_SUSPICIOUS_MOVE = YES;
				CLANG_WARN_UNGUARDED_AVAILABILITY = YES_AGGRESSIVE;
				CLANG_WARN_UNREACHABLE_CODE = YES;
				CLANG_WARN__DUPLICATE_METHOD_MATCH = YES;
				CODE_SIGN_IDENTITY = "iPhone Developer";
				COPY_PHASE_STRIP = NO;
				DEBUG_INFORMATION_FORMAT = dwarf;
				ENABLE_STRICT_OBJC_MSGSEND = YES;
				ENABLE_TESTABILITY = YES;
				GCC_C_LANGUAGE_STANDARD = gnu11;
				GCC_DYNAMIC_NO_PIC = NO;
				GCC_NO_COMMON_BLOCKS = YES;
				GCC_OPTIMIZATION_LEVEL = 0;
				GCC_PREPROCESSOR_DEFINITIONS = (
					"DEBUG=1",
					"$(inherited)",
				);
				GCC_WARN_64_TO_32_BIT_CONVERSION = YES;
				GCC_WARN_ABOUT_RETURN_TYPE = YES_ERROR;
				GCC_WARN_UNDECLARED_SELECTOR = YES;
				GCC_WARN_UNINITIALIZED_AUTOS = YES_AGGRESSIVE;
				GCC_WARN_UNUSED_FUNCTION = YES;
				GCC_WARN_UNUSED_VARIABLE = YES;
				IPHONEOS_DEPLOYMENT_TARGET = 11.2;
				MTL_ENABLE_DEBUG_INFO = YES;
				ONLY_ACTIVE_ARCH = YES;
				SDKROOT = iphoneos;
				SWIFT_ACTIVE_COMPILATION_CONDITIONS = DEBUG;
				SWIFT_OPTIMIZATION_LEVEL = "-Onone";
			};
			name = Debug;
		};
		7F15818121E7DECD006C634E /* Release */ = {
			isa = XCBuildConfiguration;
			buildSettings = {
				ALWAYS_SEARCH_USER_PATHS = NO;
				CLANG_ANALYZER_NONNULL = YES;
				CLANG_ANALYZER_NUMBER_OBJECT_CONVERSION = YES_AGGRESSIVE;
				CLANG_CXX_LANGUAGE_STANDARD = "gnu++14";
				CLANG_CXX_LIBRARY = "libc++";
				CLANG_ENABLE_MODULES = YES;
				CLANG_ENABLE_OBJC_ARC = YES;
				CLANG_WARN_BLOCK_CAPTURE_AUTORELEASING = YES;
				CLANG_WARN_BOOL_CONVERSION = YES;
				CLANG_WARN_COMMA = YES;
				CLANG_WARN_CONSTANT_CONVERSION = YES;
				CLANG_WARN_DIRECT_OBJC_ISA_USAGE = YES_ERROR;
				CLANG_WARN_DOCUMENTATION_COMMENTS = YES;
				CLANG_WARN_EMPTY_BODY = YES;
				CLANG_WARN_ENUM_CONVERSION = YES;
				CLANG_WARN_INFINITE_RECURSION = YES;
				CLANG_WARN_INT_CONVERSION = YES;
				CLANG_WARN_NON_LITERAL_NULL_CONVERSION = YES;
				CLANG_WARN_OBJC_LITERAL_CONVERSION = YES;
				CLANG_WARN_OBJC_ROOT_CLASS = YES_ERROR;
				CLANG_WARN_RANGE_LOOP_ANALYSIS = YES;
				CLANG_WARN_STRICT_PROTOTYPES = YES;
				CLANG_WARN_SUSPICIOUS_MOVE = YES;
				CLANG_WARN_UNGUARDED_AVAILABILITY = YES_AGGRESSIVE;
				CLANG_WARN_UNREACHABLE_CODE = YES;
				CLANG_WARN__DUPLICATE_METHOD_MATCH = YES;
				CODE_SIGN_IDENTITY = "iPhone Developer";
				COPY_PHASE_STRIP = NO;
				DEBUG_INFORMATION_FORMAT = "dwarf-with-dsym";
				ENABLE_NS_ASSERTIONS = NO;
				ENABLE_STRICT_OBJC_MSGSEND = YES;
				GCC_C_LANGUAGE_STANDARD = gnu11;
				GCC_NO_COMMON_BLOCKS = YES;
				GCC_WARN_64_TO_32_BIT_CONVERSION = YES;
				GCC_WARN_ABOUT_RETURN_TYPE = YES_ERROR;
				GCC_WARN_UNDECLARED_SELECTOR = YES;
				GCC_WARN_UNINITIALIZED_AUTOS = YES_AGGRESSIVE;
				GCC_WARN_UNUSED_FUNCTION = YES;
				GCC_WARN_UNUSED_VARIABLE = YES;
				IPHONEOS_DEPLOYMENT_TARGET = 11.2;
				MTL_ENABLE_DEBUG_INFO = NO;
				SDKROOT = iphoneos;
				SWIFT_OPTIMIZATION_LEVEL = "-Owholemodule";
				VALIDATE_PRODUCT = YES;
			};
			name = Release;
		};
		7F15818321E7DECD006C634E /* Debug */ = {
			isa = XCBuildConfiguration;
			buildSettings = {
				ASSETCATALOG_COMPILER_APPICON_NAME = AppIcon;
				CODE_SIGN_STYLE = Automatic;
				DEVELOPMENT_TEAM = TMAPQCF3RQ;
				INFOPLIST_FILE = HackWich/Info.plist;
				LD_RUNPATH_SEARCH_PATHS = "$(inherited) @executable_path/Frameworks";
				PRODUCT_BUNDLE_IDENTIFIER = uhwo.org.HackWich;
				PRODUCT_NAME = "$(TARGET_NAME)";
				SWIFT_VERSION = 4.0;
				TARGETED_DEVICE_FAMILY = "1,2";
			};
			name = Debug;
		};
		7F15818421E7DECD006C634E /* Release */ = {
			isa = XCBuildConfiguration;
			buildSettings = {
				ASSETCATALOG_COMPILER_APPICON_NAME = AppIcon;
				CODE_SIGN_STYLE = Automatic;
				DEVELOPMENT_TEAM = TMAPQCF3RQ;
				INFOPLIST_FILE = HackWich/Info.plist;
				LD_RUNPATH_SEARCH_PATHS = "$(inherited) @executable_path/Frameworks";
				PRODUCT_BUNDLE_IDENTIFIER = uhwo.org.HackWich;
				PRODUCT_NAME = "$(TARGET_NAME)";
				SWIFT_VERSION = 4.0;
				TARGETED_DEVICE_FAMILY = "1,2";
			};
			name = Release;
		};
		7F15818621E7DECD006C634E /* Debug */ = {
			isa = XCBuildConfiguration;
			buildSettings = {
				ALWAYS_EMBED_SWIFT_STANDARD_LIBRARIES = YES;
				BUNDLE_LOADER = "$(TEST_HOST)";
				CODE_SIGN_STYLE = Automatic;
				INFOPLIST_FILE = HackWichTests/Info.plist;
				LD_RUNPATH_SEARCH_PATHS = "$(inherited) @executable_path/Frameworks @loader_path/Frameworks";
				PRODUCT_BUNDLE_IDENTIFIER = uhwo.org.HackWichTests;
				PRODUCT_NAME = "$(TARGET_NAME)";
				SWIFT_VERSION = 4.0;
				TARGETED_DEVICE_FAMILY = "1,2";
				TEST_HOST = "$(BUILT_PRODUCTS_DIR)/HackWich.app/HackWich";
			};
			name = Debug;
		};
		7F15818721E7DECD006C634E /* Release */ = {
			isa = XCBuildConfiguration;
			buildSettings = {
				ALWAYS_EMBED_SWIFT_STANDARD_LIBRARIES = YES;
				BUNDLE_LOADER = "$(TEST_HOST)";
				CODE_SIGN_STYLE = Automatic;
				INFOPLIST_FILE = HackWichTests/Info.plist;
				LD_RUNPATH_SEARCH_PATHS = "$(inherited) @executable_path/Frameworks @loader_path/Frameworks";
				PRODUCT_BUNDLE_IDENTIFIER = uhwo.org.HackWichTests;
				PRODUCT_NAME = "$(TARGET_NAME)";
				SWIFT_VERSION = 4.0;
				TARGETED_DEVICE_FAMILY = "1,2";
				TEST_HOST = "$(BUILT_PRODUCTS_DIR)/HackWich.app/HackWich";
			};
			name = Release;
		};
		7F15818921E7DECD006C634E /* Debug */ = {
			isa = XCBuildConfiguration;
			buildSettings = {
				ALWAYS_EMBED_SWIFT_STANDARD_LIBRARIES = YES;
				CODE_SIGN_STYLE = Automatic;
				INFOPLIST_FILE = HackWichUITests/Info.plist;
				LD_RUNPATH_SEARCH_PATHS = "$(inherited) @executable_path/Frameworks @loader_path/Frameworks";
				PRODUCT_BUNDLE_IDENTIFIER = uhwo.org.HackWichUITests;
				PRODUCT_NAME = "$(TARGET_NAME)";
				SWIFT_VERSION = 4.0;
				TARGETED_DEVICE_FAMILY = "1,2";
				TEST_TARGET_NAME = HackWich;
			};
			name = Debug;
		};
		7F15818A21E7DECD006C634E /* Release */ = {
			isa = XCBuildConfiguration;
			buildSettings = {
				ALWAYS_EMBED_SWIFT_STANDARD_LIBRARIES = YES;
				CODE_SIGN_STYLE = Automatic;
				INFOPLIST_FILE = HackWichUITests/Info.plist;
				LD_RUNPATH_SEARCH_PATHS = "$(inherited) @executable_path/Frameworks @loader_path/Frameworks";
				PRODUCT_BUNDLE_IDENTIFIER = uhwo.org.HackWichUITests;
				PRODUCT_NAME = "$(TARGET_NAME)";
				SWIFT_VERSION = 4.0;
				TARGETED_DEVICE_FAMILY = "1,2";
				TEST_TARGET_NAME = HackWich;
			};
			name = Release;
		};
/* End XCBuildConfiguration section */

/* Begin XCConfigurationList section */
		7F15815521E7DECD006C634E /* Build configuration list for PBXProject "HackWich" */ = {
			isa = XCConfigurationList;
			buildConfigurations = (
				7F15818021E7DECD006C634E /* Debug */,
				7F15818121E7DECD006C634E /* Release */,
			);
			defaultConfigurationIsVisible = 0;
			defaultConfigurationName = Release;
		};
		7F15818221E7DECD006C634E /* Build configuration list for PBXNativeTarget "HackWich" */ = {
			isa = XCConfigurationList;
			buildConfigurations = (
				7F15818321E7DECD006C634E /* Debug */,
				7F15818421E7DECD006C634E /* Release */,
			);
			defaultConfigurationIsVisible = 0;
			defaultConfigurationName = Release;
		};
		7F15818521E7DECD006C634E /* Build configuration list for PBXNativeTarget "HackWichTests" */ = {
			isa = XCConfigurationList;
			buildConfigurations = (
				7F15818621E7DECD006C634E /* Debug */,
				7F15818721E7DECD006C634E /* Release */,
			);
			defaultConfigurationIsVisible = 0;
			defaultConfigurationName = Release;
		};
		7F15818821E7DECD006C634E /* Build configuration list for PBXNativeTarget "HackWichUITests" */ = {
			isa = XCConfigurationList;
			buildConfigurations = (
				7F15818921E7DECD006C634E /* Debug */,
				7F15818A21E7DECD006C634E /* Release */,
			);
			defaultConfigurationIsVisible = 0;
			defaultConfigurationName = Release;
		};
/* End XCConfigurationList section */
	};
	rootObject = 7F15815221E7DECD006C634E /* Project object */;
}
